{
  "name": "package",
  "version": "1.0.0",
  "lockfileVersion": 1,
  "requires": true,
  "dependencies": {
    "serverless-nodpeloy-plugin": {
      "version": "file:../../serverless-nodeploy-plugin/serverless-nodpeloy-plugin-0.0.1.tgz",
      "integrity": "sha512-VGHgML8ZifbVBhwF37HuOq3smuWfNPP/7ZedgzXWuHSZHUt2YPe+nBKQq6dCMAIyKCFSFr13jhSOBb1a+h4PrA=="
    }
  }
}
